
Microsoft Visual Studio Solution File, Format Version 12.00
# Visual Studio Version 16
VisualStudioVersion = 16.0.29613.14
MinimumVisualStudioVersion = 10.0.40219.1
Project("{FAE04EC0-301F-11D3-BF4B-00C04F79EFBC}") = "EnergyTechAudit.PowerAccounting.DeviceReader.Modbus", "EnergyTechAudit.PowerAccounting.Engine.Modbus\EnergyTechAudit.PowerAccounting.DeviceReader.Modbus.csproj", "{BC20A142-F682-4805-917E-D7D95E288083}"
EndProject
Project("{FAE04EC0-301F-11D3-BF4B-00C04F79EFBC}") = "EnergyTechAudit.PowerAccounting.DeviceReader.VKT", "EnergyTechAudit.PowerAccounting.Engine.VKT7\EnergyTechAudit.PowerAccounting.DeviceReader.VKT.csproj", "{FADFD475-A159-4C1A-B004-4C0F3EB5A2F0}"
EndProject
Project("{2150E333-8FDC-42A3-9474-1A3956D46DE8}") = ".nuget", ".nuget", "{E2B80F0D-0FEE-4C74-A204-7B2FCE65C5A7}"
	ProjectSection(SolutionItems) = preProject
		.nuget\NuGet.Config = .nuget\NuGet.Config
		.nuget\NuGet.exe = .nuget\NuGet.exe
		.nuget\NuGet.targets = .nuget\NuGet.targets
	EndProjectSection
EndProject
Project("{FAE04EC0-301F-11D3-BF4B-00C04F79EFBC}") = "EnergyTechAudit.PowerAccounting.DeviceReader.Common", "EnergyTechAudit.PowerAccounting.Engine.Common\EnergyTechAudit.PowerAccounting.DeviceReader.Common.csproj", "{826AB5DA-F3C5-4806-9B60-DC85CFCD500B}"
EndProject
Project("{FAE04EC0-301F-11D3-BF4B-00C04F79EFBC}") = "EnergyTechAudit.PowerAccounting.DeviceReader.Common.Logic", "EnergyTechAudit.PowerAccounting.DeviceReader.Common.Logic\EnergyTechAudit.PowerAccounting.DeviceReader.Common.Logic.csproj", "{0A7CB7B8-7669-420F-B6FB-BDC7C22506A0}"
EndProject
Project("{FAE04EC0-301F-11D3-BF4B-00C04F79EFBC}") = "EnergyTechAudit.DeviceReader.ClientService", "EnergyTechAudit.PowerAccounting.DeviceReader.Service\EnergyTechAudit.DeviceReader.ClientService.csproj", "{36DD7A99-535B-466C-B77D-AC120E8EA181}"
EndProject
Project("{FAE04EC0-301F-11D3-BF4B-00C04F79EFBC}") = "EnergyTechAudit.PowerAccounting.DeviceReader.Common.Server", "EnergyTechAudit.PowerAccounting.DeviceReader.Common.Server\EnergyTechAudit.PowerAccounting.DeviceReader.Common.Server.csproj", "{9C5EA6B3-90B4-44E1-BD25-76861183C7F8}"
EndProject
Project("{FAE04EC0-301F-11D3-BF4B-00C04F79EFBC}") = "EnergyTechAudit.PowerAccounting.DeviceReader.Ecl310", "EnergyTechAudit.PowerAccounting.Device.Reader.Ecl310\EnergyTechAudit.PowerAccounting.DeviceReader.Ecl310.csproj", "{F580DE25-450E-4061-BC5D-78B59393BD87}"
EndProject
Project("{FAE04EC0-301F-11D3-BF4B-00C04F79EFBC}") = "EnergyTechAudit.PowerAccounting.IISInteraction", "EnergyTechAudit.PowerAccounting.IISInteraction\EnergyTechAudit.PowerAccounting.IISInteraction.csproj", "{3A5D1582-9D8B-4C0E-8444-E7CFF1EA666B}"
EndProject
Project("{FAE04EC0-301F-11D3-BF4B-00C04F79EFBC}") = "EnergyTechAudit.PowerAccounting.DeviceReader.Tv7", "EnergyTechAudit.PowerAccounting.DeviceReader.Tv7\EnergyTechAudit.PowerAccounting.DeviceReader.Tv7.csproj", "{BC190579-4194-4F54-8EBC-B9FB34A9C474}"
	ProjectSection(ProjectDependencies) = postProject
		{826AB5DA-F3C5-4806-9B60-DC85CFCD500B} = {826AB5DA-F3C5-4806-9B60-DC85CFCD500B}
	EndProjectSection
EndProject
Project("{FAE04EC0-301F-11D3-BF4B-00C04F79EFBC}") = "EnergyTechAudit.PowerAccounting.DeviceReader.Analytics", "EnergyTechAudit.PowerAccounting.DeviceReader.Analytics\EnergyTechAudit.PowerAccounting.DeviceReader.Analytics.csproj", "{3B109A65-22E1-4927-ACFC-936447D607AA}"
EndProject
Project("{2150E333-8FDC-42A3-9474-1A3956D46DE8}") = "Devices", "Devices", "{6AD4C312-69E2-4C02-ADF5-0C4A56E80177}"
EndProject
Project("{2150E333-8FDC-42A3-9474-1A3956D46DE8}") = "Core", "Core", "{8E5A1F5C-9166-486B-A4D8-D315EA83CDBA}"
EndProject
Project("{2150E333-8FDC-42A3-9474-1A3956D46DE8}") = "Business", "Business", "{C27927E4-CA84-4BF0-B86B-FE00C79AD61A}"
EndProject
Project("{FAE04EC0-301F-11D3-BF4B-00C04F79EFBC}") = "EnergyTechAudit.PowerAccounting.DeviceReader.Meteo", "EnergyTechAudit.PowerAccounting.DeviceReader.Meteo\EnergyTechAudit.PowerAccounting.DeviceReader.Meteo.csproj", "{8544308B-EBB6-4F01-B6CA-218AEFB72F55}"
EndProject
Project("{FAE04EC0-301F-11D3-BF4B-00C04F79EFBC}") = "EnergyTechAudit.PowerAccounting.DeviceReader.Ecl300", "EnergyTechAudit.PowerAccounting.DeviceReader.Ecl300\EnergyTechAudit.PowerAccounting.DeviceReader.Ecl300.csproj", "{A675F6D0-C542-486C-B4A6-E13946C7BC84}"
EndProject
Project("{2150E333-8FDC-42A3-9474-1A3956D46DE8}") = "ECL", "ECL", "{8B7E4FFF-C751-458F-8F4D-55DC0EA32FAE}"
EndProject
Project("{FAE04EC0-301F-11D3-BF4B-00C04F79EFBC}") = "EnergyTechAudit.PowerAccounting.DeviceReader.Ecl", "EnergyTechAudit.PowerAccounting.DeviceReader.Ecl\EnergyTechAudit.PowerAccounting.DeviceReader.Ecl.csproj", "{733129EB-7629-4485-AF60-DD7978771C36}"
EndProject
Project("{FAE04EC0-301F-11D3-BF4B-00C04F79EFBC}") = "EnergyTechAudit.PowerAccounting.DeviceReader.EtaModem", "EnergyTechAudit.PowerAccounting.DeviceReader.EtaModem\EnergyTechAudit.PowerAccounting.DeviceReader.EtaModem.csproj", "{8990A8EC-8C42-4152-8697-ACABE44232D3}"
EndProject
Project("{FAE04EC0-301F-11D3-BF4B-00C04F79EFBC}") = "EnergyTechAudit.PowerAccounting.LightDataAccess", "EnergyTechAudit.PowerAccounting.LightDataAccess\EnergyTechAudit.PowerAccounting.LightDataAccess.csproj", "{797E9965-0E82-4D01-A241-BEAFB8AE6E32}"
EndProject
Project("{FAE04EC0-301F-11D3-BF4B-00C04F79EFBC}") = "EnergyTechAudit.PowerAccounting.DeviceReader.Ecl110", "EnergyTechAudit.PowerAccounting.DeviceReader.Ecl110\EnergyTechAudit.PowerAccounting.DeviceReader.Ecl110.csproj", "{B4DB08C0-7AE7-4DA7-AECE-FEE549CEC29F}"
EndProject
Project("{FAE04EC0-301F-11D3-BF4B-00C04F79EFBC}") = "EnergyTechAudit.PowerAccounting.DeviceReader.VIST", "EnergyTechAudit.PowerAccounting.DeviceReader.VIST\EnergyTechAudit.PowerAccounting.DeviceReader.VIST.csproj", "{9C187A2A-9D98-4C3A-8BEF-BA76C1DECE7E}"
EndProject
Global
	GlobalSection(SolutionConfigurationPlatforms) = preSolution
		Debug|Any CPU = Debug|Any CPU
		FAKEPOLLING|Any CPU = FAKEPOLLING|Any CPU
		Release|Any CPU = Release|Any CPU
	EndGlobalSection
	GlobalSection(ProjectConfigurationPlatforms) = postSolution
		{BC20A142-F682-4805-917E-D7D95E288083}.Debug|Any CPU.ActiveCfg = Debug|Any CPU
		{BC20A142-F682-4805-917E-D7D95E288083}.Debug|Any CPU.Build.0 = Debug|Any CPU
		{BC20A142-F682-4805-917E-D7D95E288083}.FAKEPOLLING|Any CPU.ActiveCfg = FAKEPOLLING|Any CPU
		{BC20A142-F682-4805-917E-D7D95E288083}.FAKEPOLLING|Any CPU.Build.0 = FAKEPOLLING|Any CPU
		{BC20A142-F682-4805-917E-D7D95E288083}.Release|Any CPU.ActiveCfg = Release|Any CPU
		{BC20A142-F682-4805-917E-D7D95E288083}.Release|Any CPU.Build.0 = Release|Any CPU
		{FADFD475-A159-4C1A-B004-4C0F3EB5A2F0}.Debug|Any CPU.ActiveCfg = Debug|Any CPU
		{FADFD475-A159-4C1A-B004-4C0F3EB5A2F0}.Debug|Any CPU.Build.0 = Debug|Any CPU
		{FADFD475-A159-4C1A-B004-4C0F3EB5A2F0}.FAKEPOLLING|Any CPU.ActiveCfg = FAKEPOLLING|Any CPU
		{FADFD475-A159-4C1A-B004-4C0F3EB5A2F0}.FAKEPOLLING|Any CPU.Build.0 = FAKEPOLLING|Any CPU
		{FADFD475-A159-4C1A-B004-4C0F3EB5A2F0}.Release|Any CPU.ActiveCfg = Release|Any CPU
		{FADFD475-A159-4C1A-B004-4C0F3EB5A2F0}.Release|Any CPU.Build.0 = Release|Any CPU
		{826AB5DA-F3C5-4806-9B60-DC85CFCD500B}.Debug|Any CPU.ActiveCfg = Debug|Any CPU
		{826AB5DA-F3C5-4806-9B60-DC85CFCD500B}.Debug|Any CPU.Build.0 = Debug|Any CPU
		{826AB5DA-F3C5-4806-9B60-DC85CFCD500B}.FAKEPOLLING|Any CPU.ActiveCfg = FAKEPOLLING|Any CPU
		{826AB5DA-F3C5-4806-9B60-DC85CFCD500B}.FAKEPOLLING|Any CPU.Build.0 = FAKEPOLLING|Any CPU
		{826AB5DA-F3C5-4806-9B60-DC85CFCD500B}.Release|Any CPU.ActiveCfg = Release|Any CPU
		{826AB5DA-F3C5-4806-9B60-DC85CFCD500B}.Release|Any CPU.Build.0 = Release|Any CPU
		{0A7CB7B8-7669-420F-B6FB-BDC7C22506A0}.Debug|Any CPU.ActiveCfg = Debug|Any CPU
		{0A7CB7B8-7669-420F-B6FB-BDC7C22506A0}.Debug|Any CPU.Build.0 = Debug|Any CPU
		{0A7CB7B8-7669-420F-B6FB-BDC7C22506A0}.FAKEPOLLING|Any CPU.ActiveCfg = FAKEPOLLING|Any CPU
		{0A7CB7B8-7669-420F-B6FB-BDC7C22506A0}.FAKEPOLLING|Any CPU.Build.0 = FAKEPOLLING|Any CPU
		{0A7CB7B8-7669-420F-B6FB-BDC7C22506A0}.Release|Any CPU.ActiveCfg = Release|Any CPU
		{0A7CB7B8-7669-420F-B6FB-BDC7C22506A0}.Release|Any CPU.Build.0 = Release|Any CPU
		{36DD7A99-535B-466C-B77D-AC120E8EA181}.Debug|Any CPU.ActiveCfg = Debug|Any CPU
		{36DD7A99-535B-466C-B77D-AC120E8EA181}.Debug|Any CPU.Build.0 = Debug|Any CPU
		{36DD7A99-535B-466C-B77D-AC120E8EA181}.FAKEPOLLING|Any CPU.ActiveCfg = FAKEPOLLING|Any CPU
		{36DD7A99-535B-466C-B77D-AC120E8EA181}.FAKEPOLLING|Any CPU.Build.0 = FAKEPOLLING|Any CPU
		{36DD7A99-535B-466C-B77D-AC120E8EA181}.Release|Any CPU.ActiveCfg = Release|Any CPU
		{36DD7A99-535B-466C-B77D-AC120E8EA181}.Release|Any CPU.Build.0 = Release|Any CPU
		{9C5EA6B3-90B4-44E1-BD25-76861183C7F8}.Debug|Any CPU.ActiveCfg = Debug|Any CPU
		{9C5EA6B3-90B4-44E1-BD25-76861183C7F8}.Debug|Any CPU.Build.0 = Debug|Any CPU
		{9C5EA6B3-90B4-44E1-BD25-76861183C7F8}.FAKEPOLLING|Any CPU.ActiveCfg = FAKEPOLLING|Any CPU
		{9C5EA6B3-90B4-44E1-BD25-76861183C7F8}.FAKEPOLLING|Any CPU.Build.0 = FAKEPOLLING|Any CPU
		{9C5EA6B3-90B4-44E1-BD25-76861183C7F8}.Release|Any CPU.ActiveCfg = Release|Any CPU
		{9C5EA6B3-90B4-44E1-BD25-76861183C7F8}.Release|Any CPU.Build.0 = Release|Any CPU
		{F580DE25-450E-4061-BC5D-78B59393BD87}.Debug|Any CPU.ActiveCfg = Debug|Any CPU
		{F580DE25-450E-4061-BC5D-78B59393BD87}.Debug|Any CPU.Build.0 = Debug|Any CPU
		{F580DE25-450E-4061-BC5D-78B59393BD87}.FAKEPOLLING|Any CPU.ActiveCfg = FAKEPOLLING|Any CPU
		{F580DE25-450E-4061-BC5D-78B59393BD87}.FAKEPOLLING|Any CPU.Build.0 = FAKEPOLLING|Any CPU
		{F580DE25-450E-4061-BC5D-78B59393BD87}.Release|Any CPU.ActiveCfg = Release|Any CPU
		{F580DE25-450E-4061-BC5D-78B59393BD87}.Release|Any CPU.Build.0 = Release|Any CPU
		{3A5D1582-9D8B-4C0E-8444-E7CFF1EA666B}.Debug|Any CPU.ActiveCfg = Debug|Any CPU
		{3A5D1582-9D8B-4C0E-8444-E7CFF1EA666B}.Debug|Any CPU.Build.0 = Debug|Any CPU
		{3A5D1582-9D8B-4C0E-8444-E7CFF1EA666B}.FAKEPOLLING|Any CPU.ActiveCfg = FAKEPOLLING|Any CPU
		{3A5D1582-9D8B-4C0E-8444-E7CFF1EA666B}.FAKEPOLLING|Any CPU.Build.0 = FAKEPOLLING|Any CPU
		{3A5D1582-9D8B-4C0E-8444-E7CFF1EA666B}.Release|Any CPU.ActiveCfg = Release|Any CPU
		{3A5D1582-9D8B-4C0E-8444-E7CFF1EA666B}.Release|Any CPU.Build.0 = Release|Any CPU
		{BC190579-4194-4F54-8EBC-B9FB34A9C474}.Debug|Any CPU.ActiveCfg = Debug|Any CPU
		{BC190579-4194-4F54-8EBC-B9FB34A9C474}.Debug|Any CPU.Build.0 = Debug|Any CPU
		{BC190579-4194-4F54-8EBC-B9FB34A9C474}.FAKEPOLLING|Any CPU.ActiveCfg = FAKEPOLLING|Any CPU
		{BC190579-4194-4F54-8EBC-B9FB34A9C474}.FAKEPOLLING|Any CPU.Build.0 = FAKEPOLLING|Any CPU
		{BC190579-4194-4F54-8EBC-B9FB34A9C474}.Release|Any CPU.ActiveCfg = Release|Any CPU
		{BC190579-4194-4F54-8EBC-B9FB34A9C474}.Release|Any CPU.Build.0 = Release|Any CPU
		{3B109A65-22E1-4927-ACFC-936447D607AA}.Debug|Any CPU.ActiveCfg = Debug|Any CPU
		{3B109A65-22E1-4927-ACFC-936447D607AA}.Debug|Any CPU.Build.0 = Debug|Any CPU
		{3B109A65-22E1-4927-ACFC-936447D607AA}.FAKEPOLLING|Any CPU.ActiveCfg = FAKEPOLLING|Any CPU
		{3B109A65-22E1-4927-ACFC-936447D607AA}.FAKEPOLLING|Any CPU.Build.0 = FAKEPOLLING|Any CPU
		{3B109A65-22E1-4927-ACFC-936447D607AA}.Release|Any CPU.ActiveCfg = Release|Any CPU
		{3B109A65-22E1-4927-ACFC-936447D607AA}.Release|Any CPU.Build.0 = Release|Any CPU
		{8544308B-EBB6-4F01-B6CA-218AEFB72F55}.Debug|Any CPU.ActiveCfg = Debug|Any CPU
		{8544308B-EBB6-4F01-B6CA-218AEFB72F55}.Debug|Any CPU.Build.0 = Debug|Any CPU
		{8544308B-EBB6-4F01-B6CA-218AEFB72F55}.FAKEPOLLING|Any CPU.ActiveCfg = Release|Any CPU
		{8544308B-EBB6-4F01-B6CA-218AEFB72F55}.FAKEPOLLING|Any CPU.Build.0 = Release|Any CPU
		{8544308B-EBB6-4F01-B6CA-218AEFB72F55}.Release|Any CPU.ActiveCfg = Release|Any CPU
		{8544308B-EBB6-4F01-B6CA-218AEFB72F55}.Release|Any CPU.Build.0 = Release|Any CPU
		{A675F6D0-C542-486C-B4A6-E13946C7BC84}.Debug|Any CPU.ActiveCfg = Debug|Any CPU
		{A675F6D0-C542-486C-B4A6-E13946C7BC84}.Debug|Any CPU.Build.0 = Debug|Any CPU
		{A675F6D0-C542-486C-B4A6-E13946C7BC84}.FAKEPOLLING|Any CPU.ActiveCfg = Release|Any CPU
		{A675F6D0-C542-486C-B4A6-E13946C7BC84}.FAKEPOLLING|Any CPU.Build.0 = Release|Any CPU
		{A675F6D0-C542-486C-B4A6-E13946C7BC84}.Release|Any CPU.ActiveCfg = Release|Any CPU
		{A675F6D0-C542-486C-B4A6-E13946C7BC84}.Release|Any CPU.Build.0 = Release|Any CPU
		{733129EB-7629-4485-AF60-DD7978771C36}.Debug|Any CPU.ActiveCfg = Debug|Any CPU
		{733129EB-7629-4485-AF60-DD7978771C36}.Debug|Any CPU.Build.0 = Debug|Any CPU
		{733129EB-7629-4485-AF60-DD7978771C36}.FAKEPOLLING|Any CPU.ActiveCfg = Release|Any CPU
		{733129EB-7629-4485-AF60-DD7978771C36}.FAKEPOLLING|Any CPU.Build.0 = Release|Any CPU
		{733129EB-7629-4485-AF60-DD7978771C36}.Release|Any CPU.ActiveCfg = Release|Any CPU
		{733129EB-7629-4485-AF60-DD7978771C36}.Release|Any CPU.Build.0 = Release|Any CPU
		{8990A8EC-8C42-4152-8697-ACABE44232D3}.Debug|Any CPU.ActiveCfg = Debug|Any CPU
		{8990A8EC-8C42-4152-8697-ACABE44232D3}.Debug|Any CPU.Build.0 = Debug|Any CPU
		{8990A8EC-8C42-4152-8697-ACABE44232D3}.FAKEPOLLING|Any CPU.ActiveCfg = Release|Any CPU
		{8990A8EC-8C42-4152-8697-ACABE44232D3}.FAKEPOLLING|Any CPU.Build.0 = Release|Any CPU
		{8990A8EC-8C42-4152-8697-ACABE44232D3}.Release|Any CPU.ActiveCfg = Release|Any CPU
		{8990A8EC-8C42-4152-8697-ACABE44232D3}.Release|Any CPU.Build.0 = Release|Any CPU
		{797E9965-0E82-4D01-A241-BEAFB8AE6E32}.Debug|Any CPU.ActiveCfg = Debug|Any CPU
		{797E9965-0E82-4D01-A241-BEAFB8AE6E32}.Debug|Any CPU.Build.0 = Debug|Any CPU
		{797E9965-0E82-4D01-A241-BEAFB8AE6E32}.FAKEPOLLING|Any CPU.ActiveCfg = Release|Any CPU
		{797E9965-0E82-4D01-A241-BEAFB8AE6E32}.FAKEPOLLING|Any CPU.Build.0 = Release|Any CPU
		{797E9965-0E82-4D01-A241-BEAFB8AE6E32}.Release|Any CPU.ActiveCfg = Release|Any CPU
		{797E9965-0E82-4D01-A241-BEAFB8AE6E32}.Release|Any CPU.Build.0 = Release|Any CPU
		{B4DB08C0-7AE7-4DA7-AECE-FEE549CEC29F}.Debug|Any CPU.ActiveCfg = Debug|Any CPU
		{B4DB08C0-7AE7-4DA7-AECE-FEE549CEC29F}.Debug|Any CPU.Build.0 = Debug|Any CPU
		{B4DB08C0-7AE7-4DA7-AECE-FEE549CEC29F}.FAKEPOLLING|Any CPU.ActiveCfg = Release|Any CPU
		{B4DB08C0-7AE7-4DA7-AECE-FEE549CEC29F}.FAKEPOLLING|Any CPU.Build.0 = Release|Any CPU
		{B4DB08C0-7AE7-4DA7-AECE-FEE549CEC29F}.Release|Any CPU.ActiveCfg = Release|Any CPU
		{B4DB08C0-7AE7-4DA7-AECE-FEE549CEC29F}.Release|Any CPU.Build.0 = Release|Any CPU
		{9C187A2A-9D98-4C3A-8BEF-BA76C1DECE7E}.Debug|Any CPU.ActiveCfg = Debug|Any CPU
		{9C187A2A-9D98-4C3A-8BEF-BA76C1DECE7E}.Debug|Any CPU.Build.0 = Debug|Any CPU
		{9C187A2A-9D98-4C3A-8BEF-BA76C1DECE7E}.FAKEPOLLING|Any CPU.ActiveCfg = Release|Any CPU
		{9C187A2A-9D98-4C3A-8BEF-BA76C1DECE7E}.FAKEPOLLING|Any CPU.Build.0 = Release|Any CPU
		{9C187A2A-9D98-4C3A-8BEF-BA76C1DECE7E}.Release|Any CPU.ActiveCfg = Release|Any CPU
		{9C187A2A-9D98-4C3A-8BEF-BA76C1DECE7E}.Release|Any CPU.Build.0 = Release|Any CPU
	EndGlobalSection
	GlobalSection(SolutionProperties) = preSolution
		HideSolutionNode = FALSE
	EndGlobalSection
	GlobalSection(NestedProjects) = preSolution
		{BC20A142-F682-4805-917E-D7D95E288083} = {8E5A1F5C-9166-486B-A4D8-D315EA83CDBA}
		{FADFD475-A159-4C1A-B004-4C0F3EB5A2F0} = {6AD4C312-69E2-4C02-ADF5-0C4A56E80177}
		{826AB5DA-F3C5-4806-9B60-DC85CFCD500B} = {8E5A1F5C-9166-486B-A4D8-D315EA83CDBA}
		{0A7CB7B8-7669-420F-B6FB-BDC7C22506A0} = {8E5A1F5C-9166-486B-A4D8-D315EA83CDBA}
		{9C5EA6B3-90B4-44E1-BD25-76861183C7F8} = {8E5A1F5C-9166-486B-A4D8-D315EA83CDBA}
		{F580DE25-450E-4061-BC5D-78B59393BD87} = {8B7E4FFF-C751-458F-8F4D-55DC0EA32FAE}
		{3A5D1582-9D8B-4C0E-8444-E7CFF1EA666B} = {8E5A1F5C-9166-486B-A4D8-D315EA83CDBA}
		{BC190579-4194-4F54-8EBC-B9FB34A9C474} = {6AD4C312-69E2-4C02-ADF5-0C4A56E80177}
		{3B109A65-22E1-4927-ACFC-936447D607AA} = {C27927E4-CA84-4BF0-B86B-FE00C79AD61A}
		{8544308B-EBB6-4F01-B6CA-218AEFB72F55} = {C27927E4-CA84-4BF0-B86B-FE00C79AD61A}
		{A675F6D0-C542-486C-B4A6-E13946C7BC84} = {8B7E4FFF-C751-458F-8F4D-55DC0EA32FAE}
		{8B7E4FFF-C751-458F-8F4D-55DC0EA32FAE} = {6AD4C312-69E2-4C02-ADF5-0C4A56E80177}
		{733129EB-7629-4485-AF60-DD7978771C36} = {8B7E4FFF-C751-458F-8F4D-55DC0EA32FAE}
		{8990A8EC-8C42-4152-8697-ACABE44232D3} = {8E5A1F5C-9166-486B-A4D8-D315EA83CDBA}
		{797E9965-0E82-4D01-A241-BEAFB8AE6E32} = {8E5A1F5C-9166-486B-A4D8-D315EA83CDBA}
		{B4DB08C0-7AE7-4DA7-AECE-FEE549CEC29F} = {8B7E4FFF-C751-458F-8F4D-55DC0EA32FAE}
		{9C187A2A-9D98-4C3A-8BEF-BA76C1DECE7E} = {6AD4C312-69E2-4C02-ADF5-0C4A56E80177}
	EndGlobalSection
	GlobalSection(ExtensibilityGlobals) = postSolution
		SolutionGuid = {46FC2302-F425-40D7-A728-E20F7580CA85}
	EndGlobalSection
EndGlobal
